{
  "name": "x-twitter",
  "version": "1.0.0",
  "lockfileVersion": 3,
  "requires": true,
  "packages": {
    "": {
      "name": "x-twitter",
      "version": "1.0.0",
      "license": "ISC",
      "dependencies": {
        "x-twitter": "^1.0.0"
      }
    },
    "node_modules/x-twitter": {
      "version": "1.0.0",
      "resolved": "https://registry.npmjs.org/x-twitter/-/x-twitter-1.0.0.tgz",
      "integrity": "sha512-6orKmA9osjKxokwIvr3QRLYf2eEqmT6UrAFLEJ2Z4eYl404ojJpU3k/0RhZFFrcFghkAiPLLwC6mNmzfUrkfzw=="
    }
  }
}
